
Microsoft Visual Studio Solution File, Format Version 12.00
# Visual Studio 14
VisualStudioVersion = 14.0.23107.0
MinimumVisualStudioVersion = 10.0.40219.1
Project("{CC5FD16D-436D-48AD-A40C-5A424C6E3E79}") = "ImageSharingWithCloudService", "ImageSharingWithCloudService\ImageSharingWithCloudService.ccproj", "{FD282037-3D1C-4F27-807D-E388F911D0B9}"
EndProject
Project("{FAE04EC0-301F-11D3-BF4B-00C04F79EFBC}") = "ImageSharingWebRole", "ImageSharingWebRole\ImageSharingWebRole.csproj", "{E71FBAA8-7A44-4832-8B22-7CE4FC8820B7}"
EndProject
Project("{FAE04EC0-301F-11D3-BF4B-00C04F79EFBC}") = "ImageSharingWebRole.Tests", "ImageSharingWebRole.Tests\ImageSharingWebRole.Tests.csproj", "{F55B2F95-7900-46B1-9A3D-33EF11212F83}"
EndProject
Project("{FAE04EC0-301F-11D3-BF4B-00C04F79EFBC}") = "ImageSharingWorkerRole", "ImageSharingWorkerRole\ImageSharingWorkerRole.csproj", "{0F934A69-55D6-4501-A96E-790A189D6E75}"
EndProject
Global
	GlobalSection(SolutionConfigurationPlatforms) = preSolution
		Debug|Any CPU = Debug|Any CPU
		Release|Any CPU = Release|Any CPU
	EndGlobalSection
	GlobalSection(ProjectConfigurationPlatforms) = postSolution
		{FD282037-3D1C-4F27-807D-E388F911D0B9}.Debug|Any CPU.ActiveCfg = Debug|Any CPU
		{FD282037-3D1C-4F27-807D-E388F911D0B9}.Debug|Any CPU.Build.0 = Debug|Any CPU
		{FD282037-3D1C-4F27-807D-E388F911D0B9}.Release|Any CPU.ActiveCfg = Release|Any CPU
		{FD282037-3D1C-4F27-807D-E388F911D0B9}.Release|Any CPU.Build.0 = Release|Any CPU
		{E71FBAA8-7A44-4832-8B22-7CE4FC8820B7}.Debug|Any CPU.ActiveCfg = Debug|Any CPU
		{E71FBAA8-7A44-4832-8B22-7CE4FC8820B7}.Debug|Any CPU.Build.0 = Debug|Any CPU
		{E71FBAA8-7A44-4832-8B22-7CE4FC8820B7}.Release|Any CPU.ActiveCfg = Release|Any CPU
		{E71FBAA8-7A44-4832-8B22-7CE4FC8820B7}.Release|Any CPU.Build.0 = Release|Any CPU
		{F55B2F95-7900-46B1-9A3D-33EF11212F83}.Debug|Any CPU.ActiveCfg = Debug|Any CPU
		{F55B2F95-7900-46B1-9A3D-33EF11212F83}.Debug|Any CPU.Build.0 = Debug|Any CPU
		{F55B2F95-7900-46B1-9A3D-33EF11212F83}.Release|Any CPU.ActiveCfg = Release|Any CPU
		{F55B2F95-7900-46B1-9A3D-33EF11212F83}.Release|Any CPU.Build.0 = Release|Any CPU
		{0F934A69-55D6-4501-A96E-790A189D6E75}.Debug|Any CPU.ActiveCfg = Debug|Any CPU
		{0F934A69-55D6-4501-A96E-790A189D6E75}.Debug|Any CPU.Build.0 = Debug|Any CPU
		{0F934A69-55D6-4501-A96E-790A189D6E75}.Release|Any CPU.ActiveCfg = Release|Any CPU
		{0F934A69-55D6-4501-A96E-790A189D6E75}.Release|Any CPU.Build.0 = Release|Any CPU
	EndGlobalSection
	GlobalSection(SolutionProperties) = preSolution
		HideSolutionNode = FALSE
	EndGlobalSection
EndGlobal
